// !$*UTF8*$!
{
	archiveVersion = 1;
	classes = {
	};
	objectVersion = 56;
	objects = {

/* Begin PBXBuildFile section */
		5C5D88222B7AC8EC00DC5932 /* StatePropertiesFeb12App.swift in Sources */ = {isa = PBXBuildFile; fileRef = 5C5D88212B7AC8EC00DC5932 /* StatePropertiesFeb12App.swift */; };
		5C5D88242B7AC8EC00DC5932 /* ContentView.swift in Sources */ = {isa = PBXBuildFile; fileRef = 5C5D88232B7AC8EC00DC5932 /* ContentView.swift */; };
		5C5D88262B7AC8F000DC5932 /* Assets.xcassets in Resources */ = {isa = PBXBuildFile; fileRef = 5C5D88252B7AC8F000DC5932 /* Assets.xcassets */; };
		5C5D88292B7AC8F000DC5932 /* Preview Assets.xcassets in Resources */ = {isa = PBXBuildFile; fileRef = 5C5D88282B7AC8F000DC5932 /* Preview Assets.xcassets */; };
		5C5D88332B7AC8F000DC5932 /* StatePropertiesFeb12Tests.swift in Sources */ = {isa = PBXBuildFile; fileRef = 5C5D88322B7AC8F000DC5932 /* StatePropertiesFeb12Tests.swift */; };
		5C5D883D2B7AC8F000DC5932 /* StatePropertiesFeb12UITests.swift in Sources */ = {isa = PBXBuildFile; fileRef = 5C5D883C2B7AC8F000DC5932 /* StatePropertiesFeb12UITests.swift */; };
		5C5D883F2B7AC8F000DC5932 /* StatePropertiesFeb12UITestsLaunchTests.swift in Sources */ = {isa = PBXBuildFile; fileRef = 5C5D883E2B7AC8F000DC5932 /* StatePropertiesFeb12UITestsLaunchTests.swift */; };
/* End PBXBuildFile section */

/* Begin PBXContainerItemProxy section */
		5C5D882F2B7AC8F000DC5932 /* PBXContainerItemProxy */ = {
			isa = PBXContainerItemProxy;
			containerPortal = 5C5D88162B7AC8EC00DC5932 /* Project object */;
			proxyType = 1;
			remoteGlobalIDString = 5C5D881D2B7AC8EC00DC5932;
			remoteInfo = StatePropertiesFeb12;
		};
		5C5D88392B7AC8F000DC5932 /* PBXContainerItemProxy */ = {
			isa = PBXContainerItemProxy;
			containerPortal = 5C5D88162B7AC8EC00DC5932 /* Project object */;
			proxyType = 1;
			remoteGlobalIDString = 5C5D881D2B7AC8EC00DC5932;
			remoteInfo = StatePropertiesFeb12;
		};
/* End PBXContainerItemProxy section */

/* Begin PBXFileReference section */
		5C5D881E2B7AC8EC00DC5932 /* StatePropertiesFeb12.app */ = {isa = PBXFileReference; explicitFileType = wrapper.application; includeInIndex = 0; path = StatePropertiesFeb12.app; sourceTree = BUILT_PRODUCTS_DIR; };
		5C5D88212B7AC8EC00DC5932 /* StatePropertiesFeb12App.swift */ = {isa = PBXFileReference; lastKnownFileType = sourcecode.swift; path = StatePropertiesFeb12App.swift; sourceTree = "<group>"; };
		5C5D88232B7AC8EC00DC5932 /* ContentView.swift */ = {isa = PBXFileReference; lastKnownFileType = sourcecode.swift; path = ContentView.swift; sourceTree = "<group>"; };
		5C5D88252B7AC8F000DC5932 /* Assets.xcassets */ = {isa = PBXFileReference; lastKnownFileType = folder.assetcatalog; path = Assets.xcassets; sourceTree = "<group>"; };
		5C5D88282B7AC8F000DC5932 /* Preview Assets.xcassets */ = {isa = PBXFileReference; lastKnownFileType = folder.assetcatalog; path = "Preview Assets.xcassets"; sourceTree = "<group>"; };
		5C5D882E2B7AC8F000DC5932 /* StatePropertiesFeb12Tests.xctest */ = {isa = PBXFileReference; explicitFileType = wrapper.cfbundle; includeInIndex = 0; path = StatePropertiesFeb12Tests.xctest; sourceTree = BUILT_PRODUCTS_DIR; };
		5C5D88322B7AC8F000DC5932 /* StatePropertiesFeb12Tests.swift */ = {isa = PBXFileReference; lastKnownFileType = sourcecode.swift; path = StatePropertiesFeb12Tests.swift; sourceTree = "<group>"; };
		5C5D88382B7AC8F000DC5932 /* StatePropertiesFeb12UITests.xctest */ = {isa = PBXFileReference; explicitFileType = wrapper.cfbundle; includeInIndex = 0; path = StatePropertiesFeb12UITests.xctest; sourceTree = BUILT_PRODUCTS_DIR; };
		5C5D883C2B7AC8F000DC5932 /* StatePropertiesFeb12UITests.swift */ = {isa = PBXFileReference; lastKnownFileType = sourcecode.swift; path = StatePropertiesFeb12UITests.swift; sourceTree = "<group>"; };
		5C5D883E2B7AC8F000DC5932 /* StatePropertiesFeb12UITestsLaunchTests.swift */ = {isa = PBXFileReference; lastKnownFileType = sourcecode.swift; path = StatePropertiesFeb12UITestsLaunchTests.swift; sourceTree = "<group>"; };
/* End PBXFileReference section */

/* Begin PBXFrameworksBuildPhase section */
		5C5D881B2B7AC8EC00DC5932 /* Frameworks */ = {
			isa = PBXFrameworksBuildPhase;
			buildActionMask = 2147483647;
			files = (
			);
			runOnlyForDeploymentPostprocessing = 0;
		};
		5C5D882B2B7AC8F000DC5932 /* Frameworks */ = {
			isa = PBXFrameworksBuildPhase;
			buildActionMask = 2147483647;
			files = (
			);
			runOnlyForDeploymentPostprocessing = 0;
		};
		5C5D88352B7AC8F000DC5932 /* Frameworks */ = {
			isa = PBXFrameworksBuildPhase;
			buildActionMask = 2147483647;
			files = (
			);
			runOnlyForDeploymentPostprocessing = 0;
		};
/* End PBXFrameworksBuildPhase section */

/* Begin PBXGroup section */
		5C5D88152B7AC8EC00DC5932 = {
			isa = PBXGroup;
			children = (
				5C5D88202B7AC8EC00DC5932 /* StatePropertiesFeb12 */,
				5C5D88312B7AC8F000DC5932 /* StatePropertiesFeb12Tests */,
				5C5D883B2B7AC8F000DC5932 /* StatePropertiesFeb12UITests */,
				5C5D881F2B7AC8EC00DC5932 /* Products */,
			);
			sourceTree = "<group>";
		};
		5C5D881F2B7AC8EC00DC5932 /* Products */ = {
			isa = PBXGroup;
			children = (
				5C5D881E2B7AC8EC00DC5932 /* StatePropertiesFeb12.app */,
				5C5D882E2B7AC8F000DC5932 /* StatePropertiesFeb12Tests.xctest */,
				5C5D88382B7AC8F000DC5932 /* StatePropertiesFeb12UITests.xctest */,
			);
			name = Products;
			sourceTree = "<group>";
		};
		5C5D88202B7AC8EC00DC5932 /* StatePropertiesFeb12 */ = {
			isa = PBXGroup;
			children = (
				5C5D88212B7AC8EC00DC5932 /* StatePropertiesFeb12App.swift */,
				5C5D88232B7AC8EC00DC5932 /* ContentView.swift */,
				5C5D88252B7AC8F000DC5932 /* Assets.xcassets */,
				5C5D88272B7AC8F000DC5932 /* Preview Content */,
			);
			path = StatePropertiesFeb12;
			sourceTree = "<group>";
		};
		5C5D88272B7AC8F000DC5932 /* Preview Content */ = {
			isa = PBXGroup;
			children = (
				5C5D88282B7AC8F000DC5932 /* Preview Assets.xcassets */,
			);
			path = "Preview Content";
			sourceTree = "<group>";
		};
		5C5D88312B7AC8F000DC5932 /* StatePropertiesFeb12Tests */ = {
			isa = PBXGroup;
			children = (
				5C5D88322B7AC8F000DC5932 /* StatePropertiesFeb12Tests.swift */,
			);
			path = StatePropertiesFeb12Tests;
			sourceTree = "<group>";
		};
		5C5D883B2B7AC8F000DC5932 /* StatePropertiesFeb12UITests */ = {
			isa = PBXGroup;
			children = (
				5C5D883C2B7AC8F000DC5932 /* StatePropertiesFeb12UITests.swift */,
				5C5D883E2B7AC8F000DC5932 /* StatePropertiesFeb12UITestsLaunchTests.swift */,
			);
			path = StatePropertiesFeb12UITests;
			sourceTree = "<group>";
		};
/* End PBXGroup section */

/* Begin PBXNativeTarget section */
		5C5D881D2B7AC8EC00DC5932 /* StatePropertiesFeb12 */ = {
			isa = PBXNativeTarget;
			buildConfigurationList = 5C5D88422B7AC8F000DC5932 /* Build configuration list for PBXNativeTarget "StatePropertiesFeb12" */;
			buildPhases = (
				5C5D881A2B7AC8EC00DC5932 /* Sources */,
				5C5D881B2B7AC8EC00DC5932 /* Frameworks */,
				5C5D881C2B7AC8EC00DC5932 /* Resources */,
			);
			buildRules = (
			);
			dependencies = (
			);
			name = StatePropertiesFeb12;
			productName = StatePropertiesFeb12;
			productReference = 5C5D881E2B7AC8EC00DC5932 /* StatePropertiesFeb12.app */;
			productType = "com.apple.product-type.application";
		};
		5C5D882D2B7AC8F000DC5932 /* StatePropertiesFeb12Tests */ = {
			isa = PBXNativeTarget;
			buildConfigurationList = 5C5D88452B7AC8F000DC5932 /* Build configuration list for PBXNativeTarget "StatePropertiesFeb12Tests" */;
			buildPhases = (
				5C5D882A2B7AC8F000DC5932 /* Sources */,
				5C5D882B2B7AC8F000DC5932 /* Frameworks */,
				5C5D882C2B7AC8F000DC5932 /* Resources */,
			);
			buildRules = (
			);
			dependencies = (
				5C5D88302B7AC8F000DC5932 /* PBXTargetDependency */,
			);
			name = StatePropertiesFeb12Tests;
			productName = StatePropertiesFeb12Tests;
			productReference = 5C5D882E2B7AC8F000DC5932 /* StatePropertiesFeb12Tests.xctest */;
			productType = "com.apple.product-type.bundle.unit-test";
		};
		5C5D88372B7AC8F000DC5932 /* StatePropertiesFeb12UITests */ = {
			isa = PBXNativeTarget;
			buildConfigurationList = 5C5D88482B7AC8F000DC5932 /* Build configuration list for PBXNativeTarget "StatePropertiesFeb12UITests" */;
			buildPhases = (
				5C5D88342B7AC8F000DC5932 /* Sources */,
				5C5D88352B7AC8F000DC5932 /* Frameworks */,
				5C5D88362B7AC8F000DC5932 /* Resources */,
			);
			buildRules = (
			);
			dependencies = (
				5C5D883A2B7AC8F000DC5932 /* PBXTargetDependency */,
			);
			name = StatePropertiesFeb12UITests;
			productName = StatePropertiesFeb12UITests;
			productReference = 5C5D88382B7AC8F000DC5932 /* StatePropertiesFeb12UITests.xctest */;
			productType = "com.apple.product-type.bundle.ui-testing";
		};
/* End PBXNativeTarget section */

/* Begin PBXProject section */
		5C5D88162B7AC8EC00DC5932 /* Project object */ = {
			isa = PBXProject;
			attributes = {
				BuildIndependentTargetsInParallel = 1;
				LastSwiftUpdateCheck = 1520;
				LastUpgradeCheck = 1520;
				TargetAttributes = {
					5C5D881D2B7AC8EC00DC5932 = {
						CreatedOnToolsVersion = 15.2;
					};
					5C5D882D2B7AC8F000DC5932 = {
						CreatedOnToolsVersion = 15.2;
						TestTargetID = 5C5D881D2B7AC8EC00DC5932;
					};
					5C5D88372B7AC8F000DC5932 = {
						CreatedOnToolsVersion = 15.2;
						TestTargetID = 5C5D881D2B7AC8EC00DC5932;
					};
				};
			};
			buildConfigurationList = 5C5D88192B7AC8EC00DC5932 /* Build configuration list for PBXProject "StatePropertiesFeb12" */;
			compatibilityVersion = "Xcode 14.0";
			developmentRegion = en;
			hasScannedForEncodings = 0;
			knownRegions = (
				en,
				Base,
			);
			mainGroup = 5C5D88152B7AC8EC00DC5932;
			productRefGroup = 5C5D881F2B7AC8EC00DC5932 /* Products */;
			projectDirPath = "";
			projectRoot = "";
			targets = (
				5C5D881D2B7AC8EC00DC5932 /* StatePropertiesFeb12 */,
				5C5D882D2B7AC8F000DC5932 /* StatePropertiesFeb12Tests */,
				5C5D88372B7AC8F000DC5932 /* StatePropertiesFeb12UITests */,
			);
		};
/* End PBXProject section */

/* Begin PBXResourcesBuildPhase section */
		5C5D881C2B7AC8EC00DC5932 /* Resources */ = {
			isa = PBXResourcesBuildPhase;
			buildActionMask = 2147483647;
			files = (
				5C5D88292B7AC8F000DC5932 /* Preview Assets.xcassets in Resources */,
				5C5D88262B7AC8F000DC5932 /* Assets.xcassets in Resources */,
			);
			runOnlyForDeploymentPostprocessing = 0;
		};
		5C5D882C2B7AC8F000DC5932 /* Resources */ = {
			isa = PBXResourcesBuildPhase;
			buildActionMask = 2147483647;
			files = (
			);
			runOnlyForDeploymentPostprocessing = 0;
		};
		5C5D88362B7AC8F000DC5932 /* Resources */ = {
			isa = PBXResourcesBuildPhase;
			buildActionMask = 2147483647;
			files = (
			);
			runOnlyForDeploymentPostprocessing = 0;
		};
/* End PBXResourcesBuildPhase section */

/* Begin PBXSourcesBuildPhase section */
		5C5D881A2B7AC8EC00DC5932 /* Sources */ = {
			isa = PBXSourcesBuildPhase;
			buildActionMask = 2147483647;
			files = (
				5C5D88242B7AC8EC00DC5932 /* ContentView.swift in Sources */,
				5C5D88222B7AC8EC00DC5932 /* StatePropertiesFeb12App.swift in Sources */,
			);
			runOnlyForDeploymentPostprocessing = 0;
		};
		5C5D882A2B7AC8F000DC5932 /* Sources */ = {
			isa = PBXSourcesBuildPhase;
			buildActionMask = 2147483647;
			files = (
				5C5D88332B7AC8F000DC5932 /* StatePropertiesFeb12Tests.swift in Sources */,
			);
			runOnlyForDeploymentPostprocessing = 0;
		};
		5C5D88342B7AC8F000DC5932 /* Sources */ = {
			isa = PBXSourcesBuildPhase;
			buildActionMask = 2147483647;
			files = (
				5C5D883F2B7AC8F000DC5932 /* StatePropertiesFeb12UITestsLaunchTests.swift in Sources */,
				5C5D883D2B7AC8F000DC5932 /* StatePropertiesFeb12UITests.swift in Sources */,
			);
			runOnlyForDeploymentPostprocessing = 0;
		};
/* End PBXSourcesBuildPhase section */

/* Begin PBXTargetDependency section */
		5C5D88302B7AC8F000DC5932 /* PBXTargetDependency */ = {
			isa = PBXTargetDependency;
			target = 5C5D881D2B7AC8EC00DC5932 /* StatePropertiesFeb12 */;
			targetProxy = 5C5D882F2B7AC8F000DC5932 /* PBXContainerItemProxy */;
		};
		5C5D883A2B7AC8F000DC5932 /* PBXTargetDependency */ = {
			isa = PBXTargetDependency;
			target = 5C5D881D2B7AC8EC00DC5932 /* StatePropertiesFeb12 */;
			targetProxy = 5C5D88392B7AC8F000DC5932 /* PBXContainerItemProxy */;
		};
/* End PBXTargetDependency section */

/* Begin XCBuildConfiguration section */
		5C5D88402B7AC8F000DC5932 /* Debug */ = {
			isa = XCBuildConfiguration;
			buildSettings = {
				ALWAYS_SEARCH_USER_PATHS = NO;
				ASSETCATALOG_COMPILER_GENERATE_SWIFT_ASSET_SYMBOL_EXTENSIONS = YES;
				CLANG_ANALYZER_NONNULL = YES;
				CLANG_ANALYZER_NUMBER_OBJECT_CONVERSION = YES_AGGRESSIVE;
				CLANG_CXX_LANGUAGE_STANDARD = "gnu++20";
				CLANG_ENABLE_MODULES = YES;
				CLANG_ENABLE_OBJC_ARC = YES;
				CLANG_ENABLE_OBJC_WEAK = YES;
				CLANG_WARN_BLOCK_CAPTURE_AUTORELEASING = YES;
				CLANG_WARN_BOOL_CONVERSION = YES;
				CLANG_WARN_COMMA = YES;
				CLANG_WARN_CONSTANT_CONVERSION = YES;
				CLANG_WARN_DEPRECATED_OBJC_IMPLEMENTATIONS = YES;
				CLANG_WARN_DIRECT_OBJC_ISA_USAGE = YES_ERROR;
				CLANG_WARN_DOCUMENTATION_COMMENTS = YES;
				CLANG_WARN_EMPTY_BODY = YES;
				CLANG_WARN_ENUM_CONVERSION = YES;
				CLANG_WARN_INFINITE_RECURSION = YES;
				CLANG_WARN_INT_CONVERSION = YES;
				CLANG_WARN_NON_LITERAL_NULL_CONVERSION = YES;
				CLANG_WARN_OBJC_IMPLICIT_RETAIN_SELF = YES;
				CLANG_WARN_OBJC_LITERAL_CONVERSION = YES;
				CLANG_WARN_OBJC_ROOT_CLASS = YES_ERROR;
				CLANG_WARN_QUOTED_INCLUDE_IN_FRAMEWORK_HEADER = YES;
				CLANG_WARN_RANGE_LOOP_ANALYSIS = YES;
				CLANG_WARN_STRICT_PROTOTYPES = YES;
				CLANG_WARN_SUSPICIOUS_MOVE = YES;
				CLANG_WARN_UNGUARDED_AVAILABILITY = YES_AGGRESSIVE;
				CLANG_WARN_UNREACHABLE_CODE = YES;
				CLANG_WARN__DUPLICATE_METHOD_MATCH = YES;
				COPY_PHASE_STRIP = NO;
				DEBUG_INFORMATION_FORMAT = dwarf;
				ENABLE_STRICT_OBJC_MSGSEND = YES;
				ENABLE_TESTABILITY = YES;
				ENABLE_USER_SCRIPT_SANDBOXING = YES;
				GCC_C_LANGUAGE_STANDARD = gnu17;
				GCC_DYNAMIC_NO_PIC = NO;
				GCC_NO_COMMON_BLOCKS = YES;
				GCC_OPTIMIZATION_LEVEL = 0;
				GCC_PREPROCESSOR_DEFINITIONS = (
					"DEBUG=1",
					"$(inherited)",
				);
				GCC_WARN_64_TO_32_BIT_CONVERSION = YES;
				GCC_WARN_ABOUT_RETURN_TYPE = YES_ERROR;
				GCC_WARN_UNDECLARED_SELECTOR = YES;
				GCC_WARN_UNINITIALIZED_AUTOS = YES_AGGRESSIVE;
				GCC_WARN_UNUSED_FUNCTION = YES;
				GCC_WARN_UNUSED_VARIABLE = YES;
				IPHONEOS_DEPLOYMENT_TARGET = 17.2;
				LOCALIZATION_PREFERS_STRING_CATALOGS = YES;
				MTL_ENABLE_DEBUG_INFO = INCLUDE_SOURCE;
				MTL_FAST_MATH = YES;
				ONLY_ACTIVE_ARCH = YES;
				SDKROOT = iphoneos;
				SWIFT_ACTIVE_COMPILATION_CONDITIONS = "DEBUG $(inherited)";
				SWIFT_OPTIMIZATION_LEVEL = "-Onone";
			};
			name = Debug;
		};
		5C5D88412B7AC8F000DC5932 /* Release */ = {
			isa = XCBuildConfiguration;
			buildSettings = {
				ALWAYS_SEARCH_USER_PATHS = NO;
				ASSETCATALOG_COMPILER_GENERATE_SWIFT_ASSET_SYMBOL_EXTENSIONS = YES;
				CLANG_ANALYZER_NONNULL = YES;
				CLANG_ANALYZER_NUMBER_OBJECT_CONVERSION = YES_AGGRESSIVE;
				CLANG_CXX_LANGUAGE_STANDARD = "gnu++20";
				CLANG_ENABLE_MODULES = YES;
				CLANG_ENABLE_OBJC_ARC = YES;
				CLANG_ENABLE_OBJC_WEAK = YES;
				CLANG_WARN_BLOCK_CAPTURE_AUTORELEASING = YES;
				CLANG_WARN_BOOL_CONVERSION = YES;
				CLANG_WARN_COMMA = YES;
				CLANG_WARN_CONSTANT_CONVERSION = YES;
				CLANG_WARN_DEPRECATED_OBJC_IMPLEMENTATIONS = YES;
				CLANG_WARN_DIRECT_OBJC_ISA_USAGE = YES_ERROR;
				CLANG_WARN_DOCUMENTATION_COMMENTS = YES;
				CLANG_WARN_EMPTY_BODY = YES;
				CLANG_WARN_ENUM_CONVERSION = YES;
				CLANG_WARN_INFINITE_RECURSION = YES;
				CLANG_WARN_INT_CONVERSION = YES;
				CLANG_WARN_NON_LITERAL_NULL_CONVERSION = YES;
				CLANG_WARN_OBJC_IMPLICIT_RETAIN_SELF = YES;
				CLANG_WARN_OBJC_LITERAL_CONVERSION = YES;
				CLANG_WARN_OBJC_ROOT_CLASS = YES_ERROR;
				CLANG_WARN_QUOTED_INCLUDE_IN_FRAMEWORK_HEADER = YES;
				CLANG_WARN_RANGE_LOOP_ANALYSIS = YES;
				CLANG_WARN_STRICT_PROTOTYPES = YES;
				CLANG_WARN_SUSPICIOUS_MOVE = YES;
				CLANG_WARN_UNGUARDED_AVAILABILITY = YES_AGGRESSIVE;
				CLANG_WARN_UNREACHABLE_CODE = YES;
				CLANG_WARN__DUPLICATE_METHOD_MATCH = YES;
				COPY_PHASE_STRIP = NO;
				DEBUG_INFORMATION_FORMAT = "dwarf-with-dsym";
				ENABLE_NS_ASSERTIONS = NO;
				ENABLE_STRICT_OBJC_MSGSEND = YES;
				ENABLE_USER_SCRIPT_SANDBOXING = YES;
				GCC_C_LANGUAGE_STANDARD = gnu17;
				GCC_NO_COMMON_BLOCKS = YES;
				GCC_WARN_64_TO_32_BIT_CONVERSION = YES;
				GCC_WARN_ABOUT_RETURN_TYPE = YES_ERROR;
				GCC_WARN_UNDECLARED_SELECTOR = YES;
				GCC_WARN_UNINITIALIZED_AUTOS = YES_AGGRESSIVE;
				GCC_WARN_UNUSED_FUNCTION = YES;
				GCC_WARN_UNUSED_VARIABLE = YES;
				IPHONEOS_DEPLOYMENT_TARGET = 17.2;
				LOCALIZATION_PREFERS_STRING_CATALOGS = YES;
				MTL_ENABLE_DEBUG_INFO = NO;
				MTL_FAST_MATH = YES;
				SDKROOT = iphoneos;
				SWIFT_COMPILATION_MODE = wholemodule;
				VALIDATE_PRODUCT = YES;
			};
			name = Release;
		};
		5C5D88432B7AC8F000DC5932 /* Debug */ = {
			isa = XCBuildConfiguration;
			buildSettings = {
				ASSETCATALOG_COMPILER_APPICON_NAME = AppIcon;
				ASSETCATALOG_COMPILER_GLOBAL_ACCENT_COLOR_NAME = AccentColor;
				CODE_SIGN_STYLE = Automatic;
				CURRENT_PROJECT_VERSION = 1;
				DEVELOPMENT_ASSET_PATHS = "\"StatePropertiesFeb12/Preview Content\"";
				ENABLE_PREVIEWS = YES;
				GENERATE_INFOPLIST_FILE = YES;
				INFOPLIST_KEY_UIApplicationSceneManifest_Generation = YES;
				INFOPLIST_KEY_UIApplicationSupportsIndirectInputEvents = YES;
				INFOPLIST_KEY_UILaunchScreen_Generation = YES;
				INFOPLIST_KEY_UISupportedInterfaceOrientations_iPad = "UIInterfaceOrientationPortrait UIInterfaceOrientationPortraitUpsideDown UIInterfaceOrientationLandscapeLeft UIInterfaceOrientationLandscapeRight";
				INFOPLIST_KEY_UISupportedInterfaceOrientations_iPhone = "UIInterfaceOrientationPortrait UIInterfaceOrientationLandscapeLeft UIInterfaceOrientationLandscapeRight";
				LD_RUNPATH_SEARCH_PATHS = (
					"$(inherited)",
					"@executable_path/Frameworks",
				);
				MARKETING_VERSION = 1.0;
				PRODUCT_BUNDLE_IDENTIFIER = TAMU.StatePropertiesFeb12;
				PRODUCT_NAME = "$(TARGET_NAME)";
				SWIFT_EMIT_LOC_STRINGS = YES;
				SWIFT_VERSION = 5.0;
				TARGETED_DEVICE_FAMILY = "1,2";
			};
			name = Debug;
		};
		5C5D88442B7AC8F000DC5932 /* Release */ = {
			isa = XCBuildConfiguration;
			buildSettings = {
				ASSETCATALOG_COMPILER_APPICON_NAME = AppIcon;
				ASSETCATALOG_COMPILER_GLOBAL_ACCENT_COLOR_NAME = AccentColor;
				CODE_SIGN_STYLE = Automatic;
				CURRENT_PROJECT_VERSION = 1;
				DEVELOPMENT_ASSET_PATHS = "\"StatePropertiesFeb12/Preview Content\"";
				ENABLE_PREVIEWS = YES;
				GENERATE_INFOPLIST_FILE = YES;
				INFOPLIST_KEY_UIApplicationSceneManifest_Generation = YES;
				INFOPLIST_KEY_UIApplicationSupportsIndirectInputEvents = YES;
				INFOPLIST_KEY_UILaunchScreen_Generation = YES;
				INFOPLIST_KEY_UISupportedInterfaceOrientations_iPad = "UIInterfaceOrientationPortrait UIInterfaceOrientationPortraitUpsideDown UIInterfaceOrientationLandscapeLeft UIInterfaceOrientationLandscapeRight";
				INFOPLIST_KEY_UISupportedInterfaceOrientations_iPhone = "UIInterfaceOrientationPortrait UIInterfaceOrientationLandscapeLeft UIInterfaceOrientationLandscapeRight";
				LD_RUNPATH_SEARCH_PATHS = (
					"$(inherited)",
					"@executable_path/Frameworks",
				);
				MARKETING_VERSION = 1.0;
				PRODUCT_BUNDLE_IDENTIFIER = TAMU.StatePropertiesFeb12;
				PRODUCT_NAME = "$(TARGET_NAME)";
				SWIFT_EMIT_LOC_STRINGS = YES;
				SWIFT_VERSION = 5.0;
				TARGETED_DEVICE_FAMILY = "1,2";
			};
			name = Release;
		};
		5C5D88462B7AC8F000DC5932 /* Debug */ = {
			isa = XCBuildConfiguration;
			buildSettings = {
				ALWAYS_EMBED_SWIFT_STANDARD_LIBRARIES = YES;
				BUNDLE_LOADER = "$(TEST_HOST)";
				CODE_SIGN_STYLE = Automatic;
				CURRENT_PROJECT_VERSION = 1;
				GENERATE_INFOPLIST_FILE = YES;
				IPHONEOS_DEPLOYMENT_TARGET = 17.2;
				MARKETING_VERSION = 1.0;
				PRODUCT_BUNDLE_IDENTIFIER = TAMU.StatePropertiesFeb12Tests;
				PRODUCT_NAME = "$(TARGET_NAME)";
				SWIFT_EMIT_LOC_STRINGS = NO;
				SWIFT_VERSION = 5.0;
				TARGETED_DEVICE_FAMILY = "1,2";
				TEST_HOST = "$(BUILT_PRODUCTS_DIR)/StatePropertiesFeb12.app/$(BUNDLE_EXECUTABLE_FOLDER_PATH)/StatePropertiesFeb12";
			};
			name = Debug;
		};
		5C5D88472B7AC8F000DC5932 /* Release */ = {
			isa = XCBuildConfiguration;
			buildSettings = {
				ALWAYS_EMBED_SWIFT_STANDARD_LIBRARIES = YES;
				BUNDLE_LOADER = "$(TEST_HOST)";
				CODE_SIGN_STYLE = Automatic;
				CURRENT_PROJECT_VERSION = 1;
				GENERATE_INFOPLIST_FILE = YES;
				IPHONEOS_DEPLOYMENT_TARGET = 17.2;
				MARKETING_VERSION = 1.0;
				PRODUCT_BUNDLE_IDENTIFIER = TAMU.StatePropertiesFeb12Tests;
				PRODUCT_NAME = "$(TARGET_NAME)";
				SWIFT_EMIT_LOC_STRINGS = NO;
				SWIFT_VERSION = 5.0;
				TARGETED_DEVICE_FAMILY = "1,2";
				TEST_HOST = "$(BUILT_PRODUCTS_DIR)/StatePropertiesFeb12.app/$(BUNDLE_EXECUTABLE_FOLDER_PATH)/StatePropertiesFeb12";
			};
			name = Release;
		};
		5C5D88492B7AC8F000DC5932 /* Debug */ = {
			isa = XCBuildConfiguration;
			buildSettings = {
				ALWAYS_EMBED_SWIFT_STANDARD_LIBRARIES = YES;
				CODE_SIGN_STYLE = Automatic;
				CURRENT_PROJECT_VERSION = 1;
				GENERATE_INFOPLIST_FILE = YES;
				MARKETING_VERSION = 1.0;
				PRODUCT_BUNDLE_IDENTIFIER = TAMU.StatePropertiesFeb12UITests;
				PRODUCT_NAME = "$(TARGET_NAME)";
				SWIFT_EMIT_LOC_STRINGS = NO;
				SWIFT_VERSION = 5.0;
				TARGETED_DEVICE_FAMILY = "1,2";
				TEST_TARGET_NAME = StatePropertiesFeb12;
			};
			name = Debug;
		};
		5C5D884A2B7AC8F000DC5932 /* Release */ = {
			isa = XCBuildConfiguration;
			buildSettings = {
				ALWAYS_EMBED_SWIFT_STANDARD_LIBRARIES = YES;
				CODE_SIGN_STYLE = Automatic;
				CURRENT_PROJECT_VERSION = 1;
				GENERATE_INFOPLIST_FILE = YES;
				MARKETING_VERSION = 1.0;
				PRODUCT_BUNDLE_IDENTIFIER = TAMU.StatePropertiesFeb12UITests;
				PRODUCT_NAME = "$(TARGET_NAME)";
				SWIFT_EMIT_LOC_STRINGS = NO;
				SWIFT_VERSION = 5.0;
				TARGETED_DEVICE_FAMILY = "1,2";
				TEST_TARGET_NAME = StatePropertiesFeb12;
			};
			name = Release;
		};
/* End XCBuildConfiguration section */

/* Begin XCConfigurationList section */
		5C5D88192B7AC8EC00DC5932 /* Build configuration list for PBXProject "StatePropertiesFeb12" */ = {
			isa = XCConfigurationList;
			buildConfigurations = (
				5C5D88402B7AC8F000DC5932 /* Debug */,
				5C5D88412B7AC8F000DC5932 /* Release */,
			);
			defaultConfigurationIsVisible = 0;
			defaultConfigurationName = Release;
		};
		5C5D88422B7AC8F000DC5932 /* Build configuration list for PBXNativeTarget "StatePropertiesFeb12" */ = {
			isa = XCConfigurationList;
			buildConfigurations = (
				5C5D88432B7AC8F000DC5932 /* Debug */,
				5C5D88442B7AC8F000DC5932 /* Release */,
			);
			defaultConfigurationIsVisible = 0;
			defaultConfigurationName = Release;
		};
		5C5D88452B7AC8F000DC5932 /* Build configuration list for PBXNativeTarget "StatePropertiesFeb12Tests" */ = {
			isa = XCConfigurationList;
			buildConfigurations = (
				5C5D88462B7AC8F000DC5932 /* Debug */,
				5C5D88472B7AC8F000DC5932 /* Release */,
			);
			defaultConfigurationIsVisible = 0;
			defaultConfigurationName = Release;
		};
		5C5D88482B7AC8F000DC5932 /* Build configuration list for PBXNativeTarget "StatePropertiesFeb12UITests" */ = {
			isa = XCConfigurationList;
			buildConfigurations = (
				5C5D88492B7AC8F000DC5932 /* Debug */,
				5C5D884A2B7AC8F000DC5932 /* Release */,
			);
			defaultConfigurationIsVisible = 0;
			defaultConfigurationName = Release;
		};
/* End XCConfigurationList section */
	};
	rootObject = 5C5D88162B7AC8EC00DC5932 /* Project object */;
}
